
Microsoft Visual Studio Solution File, Format Version 12.00
# Visual Studio Version 16
VisualStudioVersion = 16.0.31729.503
MinimumVisualStudioVersion = 10.0.40219.1
Project("{FAE04EC0-301F-11D3-BF4B-00C04F79EFBC}") = "ChatClient", "ChatClient\ChatClient.csproj", "{F5AB36B7-FC40-4933-A8FB-DA358D7F37E4}"
EndProject
Global
	GlobalSection(SolutionConfigurationPlatforms) = preSolution
		Debug|Any CPU = Debug|Any CPU
		Release|Any CPU = Release|Any CPU
	EndGlobalSection
	GlobalSection(ProjectConfigurationPlatforms) = postSolution
		{F5AB36B7-FC40-4933-A8FB-DA358D7F37E4}.Debug|Any CPU.ActiveCfg = Debug|Any CPU
		{F5AB36B7-FC40-4933-A8FB-DA358D7F37E4}.Debug|Any CPU.Build.0 = Debug|Any CPU
		{F5AB36B7-FC40-4933-A8FB-DA358D7F37E4}.Release|Any CPU.ActiveCfg = Release|Any CPU
		{F5AB36B7-FC40-4933-A8FB-DA358D7F37E4}.Release|Any CPU.Build.0 = Release|Any CPU
	EndGlobalSection
	GlobalSection(SolutionProperties) = preSolution
		HideSolutionNode = FALSE
	EndGlobalSection
	GlobalSection(ExtensibilityGlobals) = postSolution
		SolutionGuid = {8FF8A97C-7C9D-4373-92A1-FA712BF3B917}
	EndGlobalSection
EndGlobal
